
Microsoft Visual Studio Solution File, Format Version 12.00
# Visual Studio 2012
Project("{FAE04EC0-301F-11D3-BF4B-00C04F79EFBC}") = "IppDotNetSdkQuickBooksApiV3SampleWebFormsApp", "IppDotNetSdkQuickBooksApiV3SampleWebFormsApp\IppDotNetSdkQuickBooksApiV3SampleWebFormsApp.csproj", "{F061470A-65F4-4D1E-8C64-0E253D0B6BEF}"
EndProject
Project("{2150E333-8FDC-42A3-9474-1A3956D46DE8}") = ".nuget", ".nuget", "{EB864637-DE14-4703-95A8-0AA6EB96B815}"
	ProjectSection(SolutionItems) = preProject
		.nuget\NuGet.Config = .nuget\NuGet.Config
		.nuget\NuGet.exe = .nuget\NuGet.exe
		.nuget\NuGet.targets = .nuget\NuGet.targets
	EndProjectSection
EndProject
Global
	GlobalSection(SolutionConfigurationPlatforms) = preSolution
		Debug|Any CPU = Debug|Any CPU
		Release|Any CPU = Release|Any CPU
	EndGlobalSection
	GlobalSection(ProjectConfigurationPlatforms) = postSolution
		{F061470A-65F4-4D1E-8C64-0E253D0B6BEF}.Debug|Any CPU.ActiveCfg = Debug|Any CPU
		{F061470A-65F4-4D1E-8C64-0E253D0B6BEF}.Debug|Any CPU.Build.0 = Debug|Any CPU
		{F061470A-65F4-4D1E-8C64-0E253D0B6BEF}.Release|Any CPU.ActiveCfg = Release|Any CPU
		{F061470A-65F4-4D1E-8C64-0E253D0B6BEF}.Release|Any CPU.Build.0 = Release|Any CPU
	EndGlobalSection
	GlobalSection(SolutionProperties) = preSolution
		HideSolutionNode = FALSE
	EndGlobalSection
EndGlobal
